// !$*UTF8*$!
{
	archiveVersion = 1;
	classes = {
	};
	objectVersion = 46;
	objects = {

/* Begin PBXBuildFile section */
		9B4E0E481F9754C1001D092B /* AppDelegate.swift in Sources */ = {isa = PBXBuildFile; fileRef = 9B4E0E471F9754C1001D092B /* AppDelegate.swift */; };
		9B4E0E4A1F9754C1001D092B /* ViewController.swift in Sources */ = {isa = PBXBuildFile; fileRef = 9B4E0E491F9754C1001D092B /* ViewController.swift */; };
		9B4E0E4D1F9754C1001D092B /* Main.storyboard in Resources */ = {isa = PBXBuildFile; fileRef = 9B4E0E4B1F9754C1001D092B /* Main.storyboard */; };
		9B4E0E4F1F9754C1001D092B /* Assets.xcassets in Resources */ = {isa = PBXBuildFile; fileRef = 9B4E0E4E1F9754C1001D092B /* Assets.xcassets */; };
		9B4E0E521F9754C1001D092B /* LaunchScreen.storyboard in Resources */ = {isa = PBXBuildFile; fileRef = 9B4E0E501F9754C1001D092B /* LaunchScreen.storyboard */; };
		9B4E0E5D1F9754C1001D092B /* myRestaurantsTests.swift in Sources */ = {isa = PBXBuildFile; fileRef = 9B4E0E5C1F9754C1001D092B /* myRestaurantsTests.swift */; };
		9B4E0E681F9754C2001D092B /* myRestaurantsUITests.swift in Sources */ = {isa = PBXBuildFile; fileRef = 9B4E0E671F9754C2001D092B /* myRestaurantsUITests.swift */; };
		9B4E0E761F97A4CB001D092B /* RatingControl.swift in Sources */ = {isa = PBXBuildFile; fileRef = 9B4E0E751F97A4CB001D092B /* RatingControl.swift */; };
		9B4E0E781F97A725001D092B /* File.swift in Sources */ = {isa = PBXBuildFile; fileRef = 9B4E0E771F97A725001D092B /* File.swift */; };
/* End PBXBuildFile section */

/* Begin PBXContainerItemProxy section */
		9B4E0E591F9754C1001D092B /* PBXContainerItemProxy */ = {
			isa = PBXContainerItemProxy;
			containerPortal = 9B4E0E3C1F9754C1001D092B /* Project object */;
			proxyType = 1;
			remoteGlobalIDString = 9B4E0E431F9754C1001D092B;
			remoteInfo = myRestaurants;
		};
		9B4E0E641F9754C1001D092B /* PBXContainerItemProxy */ = {
			isa = PBXContainerItemProxy;
			containerPortal = 9B4E0E3C1F9754C1001D092B /* Project object */;
			proxyType = 1;
			remoteGlobalIDString = 9B4E0E431F9754C1001D092B;
			remoteInfo = myRestaurants;
		};
/* End PBXContainerItemProxy section */

/* Begin PBXFileReference section */
		9B4E0E441F9754C1001D092B /* myRestaurants.app */ = {isa = PBXFileReference; explicitFileType = wrapper.application; includeInIndex = 0; path = myRestaurants.app; sourceTree = BUILT_PRODUCTS_DIR; };
		9B4E0E471F9754C1001D092B /* AppDelegate.swift */ = {isa = PBXFileReference; lastKnownFileType = sourcecode.swift; path = AppDelegate.swift; sourceTree = "<group>"; };
		9B4E0E491F9754C1001D092B /* ViewController.swift */ = {isa = PBXFileReference; lastKnownFileType = sourcecode.swift; path = ViewController.swift; sourceTree = "<group>"; };
		9B4E0E4C1F9754C1001D092B /* Base */ = {isa = PBXFileReference; lastKnownFileType = file.storyboard; name = Base; path = Base.lproj/Main.storyboard; sourceTree = "<group>"; };
		9B4E0E4E1F9754C1001D092B /* Assets.xcassets */ = {isa = PBXFileReference; lastKnownFileType = folder.assetcatalog; path = Assets.xcassets; sourceTree = "<group>"; };
		9B4E0E511F9754C1001D092B /* Base */ = {isa = PBXFileReference; lastKnownFileType = file.storyboard; name = Base; path = Base.lproj/LaunchScreen.storyboard; sourceTree = "<group>"; };
		9B4E0E531F9754C1001D092B /* Info.plist */ = {isa = PBXFileReference; lastKnownFileType = text.plist.xml; path = Info.plist; sourceTree = "<group>"; };
		9B4E0E581F9754C1001D092B /* myRestaurantsTests.xctest */ = {isa = PBXFileReference; explicitFileType = wrapper.cfbundle; includeInIndex = 0; path = myRestaurantsTests.xctest; sourceTree = BUILT_PRODUCTS_DIR; };
		9B4E0E5C1F9754C1001D092B /* myRestaurantsTests.swift */ = {isa = PBXFileReference; lastKnownFileType = sourcecode.swift; path = myRestaurantsTests.swift; sourceTree = "<group>"; };
		9B4E0E5E1F9754C1001D092B /* Info.plist */ = {isa = PBXFileReference; lastKnownFileType = text.plist.xml; path = Info.plist; sourceTree = "<group>"; };
		9B4E0E631F9754C1001D092B /* myRestaurantsUITests.xctest */ = {isa = PBXFileReference; explicitFileType = wrapper.cfbundle; includeInIndex = 0; path = myRestaurantsUITests.xctest; sourceTree = BUILT_PRODUCTS_DIR; };
		9B4E0E671F9754C2001D092B /* myRestaurantsUITests.swift */ = {isa = PBXFileReference; lastKnownFileType = sourcecode.swift; path = myRestaurantsUITests.swift; sourceTree = "<group>"; };
		9B4E0E691F9754C2001D092B /* Info.plist */ = {isa = PBXFileReference; lastKnownFileType = text.plist.xml; path = Info.plist; sourceTree = "<group>"; };
		9B4E0E751F97A4CB001D092B /* RatingControl.swift */ = {isa = PBXFileReference; fileEncoding = 4; lastKnownFileType = sourcecode.swift; name = RatingControl.swift; path = assets/RatingControl.swift; sourceTree = SOURCE_ROOT; };
		9B4E0E771F97A725001D092B /* File.swift */ = {isa = PBXFileReference; fileEncoding = 4; lastKnownFileType = sourcecode.swift; path = File.swift; sourceTree = "<group>"; };
/* End PBXFileReference section */

/* Begin PBXFrameworksBuildPhase section */
		9B4E0E411F9754C1001D092B /* Frameworks */ = {
			isa = PBXFrameworksBuildPhase;
			buildActionMask = 2147483647;
			files = (
			);
			runOnlyForDeploymentPostprocessing = 0;
		};
		9B4E0E551F9754C1001D092B /* Frameworks */ = {
			isa = PBXFrameworksBuildPhase;
			buildActionMask = 2147483647;
			files = (
			);
			runOnlyForDeploymentPostprocessing = 0;
		};
		9B4E0E601F9754C1001D092B /* Frameworks */ = {
			isa = PBXFrameworksBuildPhase;
			buildActionMask = 2147483647;
			files = (
			);
			runOnlyForDeploymentPostprocessing = 0;
		};
/* End PBXFrameworksBuildPhase section */

/* Begin PBXGroup section */
		9B4E0E3B1F9754C1001D092B = {
			isa = PBXGroup;
			children = (
				9B4E0E461F9754C1001D092B /* myRestaurants */,
				9B4E0E5B1F9754C1001D092B /* myRestaurantsTests */,
				9B4E0E661F9754C1001D092B /* myRestaurantsUITests */,
				9B4E0E451F9754C1001D092B /* Products */,
			);
			sourceTree = "<group>";
		};
		9B4E0E451F9754C1001D092B /* Products */ = {
			isa = PBXGroup;
			children = (
				9B4E0E441F9754C1001D092B /* myRestaurants.app */,
				9B4E0E581F9754C1001D092B /* myRestaurantsTests.xctest */,
				9B4E0E631F9754C1001D092B /* myRestaurantsUITests.xctest */,
			);
			name = Products;
			sourceTree = "<group>";
		};
		9B4E0E461F9754C1001D092B /* myRestaurants */ = {
			isa = PBXGroup;
			children = (
				9B4E0E471F9754C1001D092B /* AppDelegate.swift */,
				9B4E0E491F9754C1001D092B /* ViewController.swift */,
				9B4E0E4B1F9754C1001D092B /* Main.storyboard */,
				9B4E0E751F97A4CB001D092B /* RatingControl.swift */,
				9B4E0E4E1F9754C1001D092B /* Assets.xcassets */,
				9B4E0E501F9754C1001D092B /* LaunchScreen.storyboard */,
				9B4E0E531F9754C1001D092B /* Info.plist */,
				9B4E0E771F97A725001D092B /* File.swift */,
			);
			path = myRestaurants;
			sourceTree = "<group>";
		};
		9B4E0E5B1F9754C1001D092B /* myRestaurantsTests */ = {
			isa = PBXGroup;
			children = (
				9B4E0E5C1F9754C1001D092B /* myRestaurantsTests.swift */,
				9B4E0E5E1F9754C1001D092B /* Info.plist */,
			);
			path = myRestaurantsTests;
			sourceTree = "<group>";
		};
		9B4E0E661F9754C1001D092B /* myRestaurantsUITests */ = {
			isa = PBXGroup;
			children = (
				9B4E0E671F9754C2001D092B /* myRestaurantsUITests.swift */,
				9B4E0E691F9754C2001D092B /* Info.plist */,
			);
			path = myRestaurantsUITests;
			sourceTree = "<group>";
		};
/* End PBXGroup section */

/* Begin PBXNativeTarget section */
		9B4E0E431F9754C1001D092B /* myRestaurants */ = {
			isa = PBXNativeTarget;
			buildConfigurationList = 9B4E0E6C1F9754C2001D092B /* Build configuration list for PBXNativeTarget "myRestaurants" */;
			buildPhases = (
				9B4E0E401F9754C1001D092B /* Sources */,
				9B4E0E411F9754C1001D092B /* Frameworks */,
				9B4E0E421F9754C1001D092B /* Resources */,
			);
			buildRules = (
			);
			dependencies = (
			);
			name = myRestaurants;
			productName = myRestaurants;
			productReference = 9B4E0E441F9754C1001D092B /* myRestaurants.app */;
			productType = "com.apple.product-type.application";
		};
		9B4E0E571F9754C1001D092B /* myRestaurantsTests */ = {
			isa = PBXNativeTarget;
			buildConfigurationList = 9B4E0E6F1F9754C2001D092B /* Build configuration list for PBXNativeTarget "myRestaurantsTests" */;
			buildPhases = (
				9B4E0E541F9754C1001D092B /* Sources */,
				9B4E0E551F9754C1001D092B /* Frameworks */,
				9B4E0E561F9754C1001D092B /* Resources */,
			);
			buildRules = (
			);
			dependencies = (
				9B4E0E5A1F9754C1001D092B /* PBXTargetDependency */,
			);
			name = myRestaurantsTests;
			productName = myRestaurantsTests;
			productReference = 9B4E0E581F9754C1001D092B /* myRestaurantsTests.xctest */;
			productType = "com.apple.product-type.bundle.unit-test";
		};
		9B4E0E621F9754C1001D092B /* myRestaurantsUITests */ = {
			isa = PBXNativeTarget;
			buildConfigurationList = 9B4E0E721F9754C2001D092B /* Build configuration list for PBXNativeTarget "myRestaurantsUITests" */;
			buildPhases = (
				9B4E0E5F1F9754C1001D092B /* Sources */,
				9B4E0E601F9754C1001D092B /* Frameworks */,
				9B4E0E611F9754C1001D092B /* Resources */,
			);
			buildRules = (
			);
			dependencies = (
				9B4E0E651F9754C1001D092B /* PBXTargetDependency */,
			);
			name = myRestaurantsUITests;
			productName = myRestaurantsUITests;
			productReference = 9B4E0E631F9754C1001D092B /* myRestaurantsUITests.xctest */;
			productType = "com.apple.product-type.bundle.ui-testing";
		};
/* End PBXNativeTarget section */

/* Begin PBXProject section */
		9B4E0E3C1F9754C1001D092B /* Project object */ = {
			isa = PBXProject;
			attributes = {
				LastSwiftUpdateCheck = 0830;
				LastUpgradeCheck = 0830;
				ORGANIZATIONNAME = "Araceli Teixeira";
				TargetAttributes = {
					9B4E0E431F9754C1001D092B = {
						CreatedOnToolsVersion = 8.3.3;
						ProvisioningStyle = Automatic;
					};
					9B4E0E571F9754C1001D092B = {
						CreatedOnToolsVersion = 8.3.3;
						ProvisioningStyle = Automatic;
						TestTargetID = 9B4E0E431F9754C1001D092B;
					};
					9B4E0E621F9754C1001D092B = {
						CreatedOnToolsVersion = 8.3.3;
						ProvisioningStyle = Automatic;
						TestTargetID = 9B4E0E431F9754C1001D092B;
					};
				};
			};
			buildConfigurationList = 9B4E0E3F1F9754C1001D092B /* Build configuration list for PBXProject "myRestaurants" */;
			compatibilityVersion = "Xcode 3.2";
			developmentRegion = English;
			hasScannedForEncodings = 0;
			knownRegions = (
				en,
				Base,
			);
			mainGroup = 9B4E0E3B1F9754C1001D092B;
			productRefGroup = 9B4E0E451F9754C1001D092B /* Products */;
			projectDirPath = "";
			projectRoot = "";
			targets = (
				9B4E0E431F9754C1001D092B /* myRestaurants */,
				9B4E0E571F9754C1001D092B /* myRestaurantsTests */,
				9B4E0E621F9754C1001D092B /* myRestaurantsUITests */,
			);
		};
/* End PBXProject section */

/* Begin PBXResourcesBuildPhase section */
		9B4E0E421F9754C1001D092B /* Resources */ = {
			isa = PBXResourcesBuildPhase;
			buildActionMask = 2147483647;
			files = (
				9B4E0E521F9754C1001D092B /* LaunchScreen.storyboard in Resources */,
				9B4E0E4F1F9754C1001D092B /* Assets.xcassets in Resources */,
				9B4E0E4D1F9754C1001D092B /* Main.storyboard in Resources */,
			);
			runOnlyForDeploymentPostprocessing = 0;
		};
		9B4E0E561F9754C1001D092B /* Resources */ = {
			isa = PBXResourcesBuildPhase;
			buildActionMask = 2147483647;
			files = (
			);
			runOnlyForDeploymentPostprocessing = 0;
		};
		9B4E0E611F9754C1001D092B /* Resources */ = {
			isa = PBXResourcesBuildPhase;
			buildActionMask = 2147483647;
			files = (
			);
			runOnlyForDeploymentPostprocessing = 0;
		};
/* End PBXResourcesBuildPhase section */

/* Begin PBXSourcesBuildPhase section */
		9B4E0E401F9754C1001D092B /* Sources */ = {
			isa = PBXSourcesBuildPhase;
			buildActionMask = 2147483647;
			files = (
				9B4E0E4A1F9754C1001D092B /* ViewController.swift in Sources */,
				9B4E0E781F97A725001D092B /* File.swift in Sources */,
				9B4E0E761F97A4CB001D092B /* RatingControl.swift in Sources */,
				9B4E0E481F9754C1001D092B /* AppDelegate.swift in Sources */,
			);
			runOnlyForDeploymentPostprocessing = 0;
		};
		9B4E0E541F9754C1001D092B /* Sources */ = {
			isa = PBXSourcesBuildPhase;
			buildActionMask = 2147483647;
			files = (
				9B4E0E5D1F9754C1001D092B /* myRestaurantsTests.swift in Sources */,
			);
			runOnlyForDeploymentPostprocessing = 0;
		};
		9B4E0E5F1F9754C1001D092B /* Sources */ = {
			isa = PBXSourcesBuildPhase;
			buildActionMask = 2147483647;
			files = (
				9B4E0E681F9754C2001D092B /* myRestaurantsUITests.swift in Sources */,
			);
			runOnlyForDeploymentPostprocessing = 0;
		};
/* End PBXSourcesBuildPhase section */

/* Begin PBXTargetDependency section */
		9B4E0E5A1F9754C1001D092B /* PBXTargetDependency */ = {
			isa = PBXTargetDependency;
			target = 9B4E0E431F9754C1001D092B /* myRestaurants */;
			targetProxy = 9B4E0E591F9754C1001D092B /* PBXContainerItemProxy */;
		};
		9B4E0E651F9754C1001D092B /* PBXTargetDependency */ = {
			isa = PBXTargetDependency;
			target = 9B4E0E431F9754C1001D092B /* myRestaurants */;
			targetProxy = 9B4E0E641F9754C1001D092B /* PBXContainerItemProxy */;
		};
/* End PBXTargetDependency section */

/* Begin PBXVariantGroup section */
		9B4E0E4B1F9754C1001D092B /* Main.storyboard */ = {
			isa = PBXVariantGroup;
			children = (
				9B4E0E4C1F9754C1001D092B /* Base */,
			);
			name = Main.storyboard;
			sourceTree = "<group>";
		};
		9B4E0E501F9754C1001D092B /* LaunchScreen.storyboard */ = {
			isa = PBXVariantGroup;
			children = (
				9B4E0E511F9754C1001D092B /* Base */,
			);
			name = LaunchScreen.storyboard;
			sourceTree = "<group>";
		};
/* End PBXVariantGroup section */

/* Begin XCBuildConfiguration section */
		9B4E0E6A1F9754C2001D092B /* Debug */ = {
			isa = XCBuildConfiguration;
			buildSettings = {
				ALWAYS_SEARCH_USER_PATHS = NO;
				CLANG_ANALYZER_NONNULL = YES;
				CLANG_ANALYZER_NUMBER_OBJECT_CONVERSION = YES_AGGRESSIVE;
				CLANG_CXX_LANGUAGE_STANDARD = "gnu++0x";
				CLANG_CXX_LIBRARY = "libc++";
				CLANG_ENABLE_MODULES = YES;
				CLANG_ENABLE_OBJC_ARC = YES;
				CLANG_WARN_BOOL_CONVERSION = YES;
				CLANG_WARN_CONSTANT_CONVERSION = YES;
				CLANG_WARN_DIRECT_OBJC_ISA_USAGE = YES_ERROR;
				CLANG_WARN_DOCUMENTATION_COMMENTS = YES;
				CLANG_WARN_EMPTY_BODY = YES;
				CLANG_WARN_ENUM_CONVERSION = YES;
				CLANG_WARN_INFINITE_RECURSION = YES;
				CLANG_WARN_INT_CONVERSION = YES;
				CLANG_WARN_OBJC_ROOT_CLASS = YES_ERROR;
				CLANG_WARN_SUSPICIOUS_MOVE = YES;
				CLANG_WARN_UNREACHABLE_CODE = YES;
				CLANG_WARN__DUPLICATE_METHOD_MATCH = YES;
				"CODE_SIGN_IDENTITY[sdk=iphoneos*]" = "iPhone Developer";
				COPY_PHASE_STRIP = NO;
				DEBUG_INFORMATION_FORMAT = dwarf;
				ENABLE_STRICT_OBJC_MSGSEND = YES;
				ENABLE_TESTABILITY = YES;
				GCC_C_LANGUAGE_STANDARD = gnu99;
				GCC_DYNAMIC_NO_PIC = NO;
				GCC_NO_COMMON_BLOCKS = YES;
				GCC_OPTIMIZATION_LEVEL = 0;
				GCC_PREPROCESSOR_DEFINITIONS = (
					"DEBUG=1",
					"$(inherited)",
				);
				GCC_WARN_64_TO_32_BIT_CONVERSION = YES;
				GCC_WARN_ABOUT_RETURN_TYPE = YES_ERROR;
				GCC_WARN_UNDECLARED_SELECTOR = YES;
				GCC_WARN_UNINITIALIZED_AUTOS = YES_AGGRESSIVE;
				GCC_WARN_UNUSED_FUNCTION = YES;
				GCC_WARN_UNUSED_VARIABLE = YES;
				IPHONEOS_DEPLOYMENT_TARGET = 10.3;
				MTL_ENABLE_DEBUG_INFO = YES;
				ONLY_ACTIVE_ARCH = YES;
				SDKROOT = iphoneos;
				SWIFT_ACTIVE_COMPILATION_CONDITIONS = DEBUG;
				SWIFT_OPTIMIZATION_LEVEL = "-Onone";
				TARGETED_DEVICE_FAMILY = "1,2";
			};
			name = Debug;
		};
		9B4E0E6B1F9754C2001D092B /* Release */ = {
			isa = XCBuildConfiguration;
			buildSettings = {
				ALWAYS_SEARCH_USER_PATHS = NO;
				CLANG_ANALYZER_NONNULL = YES;
				CLANG_ANALYZER_NUMBER_OBJECT_CONVERSION = YES_AGGRESSIVE;
				CLANG_CXX_LANGUAGE_STANDARD = "gnu++0x";
				CLANG_CXX_LIBRARY = "libc++";
				CLANG_ENABLE_MODULES = YES;
				CLANG_ENABLE_OBJC_ARC = YES;
				CLANG_WARN_BOOL_CONVERSION = YES;
				CLANG_WARN_CONSTANT_CONVERSION = YES;
				CLANG_WARN_DIRECT_OBJC_ISA_USAGE = YES_ERROR;
				CLANG_WARN_DOCUMENTATION_COMMENTS = YES;
				CLANG_WARN_EMPTY_BODY = YES;
				CLANG_WARN_ENUM_CONVERSION = YES;
				CLANG_WARN_INFINITE_RECURSION = YES;
				CLANG_WARN_INT_CONVERSION = YES;
				CLANG_WARN_OBJC_ROOT_CLASS = YES_ERROR;
				CLANG_WARN_SUSPICIOUS_MOVE = YES;
				CLANG_WARN_UNREACHABLE_CODE = YES;
				CLANG_WARN__DUPLICATE_METHOD_MATCH = YES;
				"CODE_SIGN_IDENTITY[sdk=iphoneos*]" = "iPhone Developer";
				COPY_PHASE_STRIP = NO;
				DEBUG_INFORMATION_FORMAT = "dwarf-with-dsym";
				ENABLE_NS_ASSERTIONS = NO;
				ENABLE_STRICT_OBJC_MSGSEND = YES;
				GCC_C_LANGUAGE_STANDARD = gnu99;
				GCC_NO_COMMON_BLOCKS = YES;
				GCC_WARN_64_TO_32_BIT_CONVERSION = YES;
				GCC_WARN_ABOUT_RETURN_TYPE = YES_ERROR;
				GCC_WARN_UNDECLARED_SELECTOR = YES;
				GCC_WARN_UNINITIALIZED_AUTOS = YES_AGGRESSIVE;
				GCC_WARN_UNUSED_FUNCTION = YES;
				GCC_WARN_UNUSED_VARIABLE = YES;
				IPHONEOS_DEPLOYMENT_TARGET = 10.3;
				MTL_ENABLE_DEBUG_INFO = NO;
				SDKROOT = iphoneos;
				SWIFT_OPTIMIZATION_LEVEL = "-Owholemodule";
				TARGETED_DEVICE_FAMILY = "1,2";
				VALIDATE_PRODUCT = YES;
			};
			name = Release;
		};
		9B4E0E6D1F9754C2001D092B /* Debug */ = {
			isa = XCBuildConfiguration;
			buildSettings = {
				ASSETCATALOG_COMPILER_APPICON_NAME = AppIcon;
				INFOPLIST_FILE = myRestaurants/Info.plist;
				LD_RUNPATH_SEARCH_PATHS = "$(inherited) @executable_path/Frameworks";
				PRODUCT_BUNDLE_IDENTIFIER = ant.myRestaurants;
				PRODUCT_NAME = "$(TARGET_NAME)";
				SWIFT_VERSION = 3.0;
			};
			name = Debug;
		};
		9B4E0E6E1F9754C2001D092B /* Release */ = {
			isa = XCBuildConfiguration;
			buildSettings = {
				ASSETCATALOG_COMPILER_APPICON_NAME = AppIcon;
				INFOPLIST_FILE = myRestaurants/Info.plist;
				LD_RUNPATH_SEARCH_PATHS = "$(inherited) @executable_path/Frameworks";
				PRODUCT_BUNDLE_IDENTIFIER = ant.myRestaurants;
				PRODUCT_NAME = "$(TARGET_NAME)";
				SWIFT_VERSION = 3.0;
			};
			name = Release;
		};
		9B4E0E701F9754C2001D092B /* Debug */ = {
			isa = XCBuildConfiguration;
			buildSettings = {
				ALWAYS_EMBED_SWIFT_STANDARD_LIBRARIES = YES;
				BUNDLE_LOADER = "$(TEST_HOST)";
				INFOPLIST_FILE = myRestaurantsTests/Info.plist;
				LD_RUNPATH_SEARCH_PATHS = "$(inherited) @executable_path/Frameworks @loader_path/Frameworks";
				PRODUCT_BUNDLE_IDENTIFIER = ant.myRestaurantsTests;
				PRODUCT_NAME = "$(TARGET_NAME)";
				SWIFT_VERSION = 3.0;
				TEST_HOST = "$(BUILT_PRODUCTS_DIR)/myRestaurants.app/myRestaurants";
			};
			name = Debug;
		};
		9B4E0E711F9754C2001D092B /* Release */ = {
			isa = XCBuildConfiguration;
			buildSettings = {
				ALWAYS_EMBED_SWIFT_STANDARD_LIBRARIES = YES;
				BUNDLE_LOADER = "$(TEST_HOST)";
				INFOPLIST_FILE = myRestaurantsTests/Info.plist;
				LD_RUNPATH_SEARCH_PATHS = "$(inherited) @executable_path/Frameworks @loader_path/Frameworks";
				PRODUCT_BUNDLE_IDENTIFIER = ant.myRestaurantsTests;
				PRODUCT_NAME = "$(TARGET_NAME)";
				SWIFT_VERSION = 3.0;
				TEST_HOST = "$(BUILT_PRODUCTS_DIR)/myRestaurants.app/myRestaurants";
			};
			name = Release;
		};
		9B4E0E731F9754C2001D092B /* Debug */ = {
			isa = XCBuildConfiguration;
			buildSettings = {
				ALWAYS_EMBED_SWIFT_STANDARD_LIBRARIES = YES;
				INFOPLIST_FILE = myRestaurantsUITests/Info.plist;
				LD_RUNPATH_SEARCH_PATHS = "$(inherited) @executable_path/Frameworks @loader_path/Frameworks";
				PRODUCT_BUNDLE_IDENTIFIER = ant.myRestaurantsUITests;
				PRODUCT_NAME = "$(TARGET_NAME)";
				SWIFT_VERSION = 3.0;
				TEST_TARGET_NAME = myRestaurants;
			};
			name = Debug;
		};
		9B4E0E741F9754C2001D092B /* Release */ = {
			isa = XCBuildConfiguration;
			buildSettings = {
				ALWAYS_EMBED_SWIFT_STANDARD_LIBRARIES = YES;
				INFOPLIST_FILE = myRestaurantsUITests/Info.plist;
				LD_RUNPATH_SEARCH_PATHS = "$(inherited) @executable_path/Frameworks @loader_path/Frameworks";
				PRODUCT_BUNDLE_IDENTIFIER = ant.myRestaurantsUITests;
				PRODUCT_NAME = "$(TARGET_NAME)";
				SWIFT_VERSION = 3.0;
				TEST_TARGET_NAME = myRestaurants;
			};
			name = Release;
		};
/* End XCBuildConfiguration section */

/* Begin XCConfigurationList section */
		9B4E0E3F1F9754C1001D092B /* Build configuration list for PBXProject "myRestaurants" */ = {
			isa = XCConfigurationList;
			buildConfigurations = (
				9B4E0E6A1F9754C2001D092B /* Debug */,
				9B4E0E6B1F9754C2001D092B /* Release */,
			);
			defaultConfigurationIsVisible = 0;
			defaultConfigurationName = Release;
		};
		9B4E0E6C1F9754C2001D092B /* Build configuration list for PBXNativeTarget "myRestaurants" */ = {
			isa = XCConfigurationList;
			buildConfigurations = (
				9B4E0E6D1F9754C2001D092B /* Debug */,
				9B4E0E6E1F9754C2001D092B /* Release */,
			);
			defaultConfigurationIsVisible = 0;
		};
		9B4E0E6F1F9754C2001D092B /* Build configuration list for PBXNativeTarget "myRestaurantsTests" */ = {
			isa = XCConfigurationList;
			buildConfigurations = (
				9B4E0E701F9754C2001D092B /* Debug */,
				9B4E0E711F9754C2001D092B /* Release */,
			);
			defaultConfigurationIsVisible = 0;
		};
		9B4E0E721F9754C2001D092B /* Build configuration list for PBXNativeTarget "myRestaurantsUITests" */ = {
			isa = XCConfigurationList;
			buildConfigurations = (
				9B4E0E731F9754C2001D092B /* Debug */,
				9B4E0E741F9754C2001D092B /* Release */,
			);
			defaultConfigurationIsVisible = 0;
		};
/* End XCConfigurationList section */
	};
	rootObject = 9B4E0E3C1F9754C1001D092B /* Project object */;
}
